// !$*UTF8*$!
{
	archiveVersion = 1;
	classes = {
	};
	objectVersion = 46;
	objects = {

/* Begin PBXBuildFile section */
		5B39727E1ADFE36E0071F0F5 /* ProductListInterfaceController.m in Sources */ = {isa = PBXBuildFile; fileRef = 5B39727D1ADFE36E0071F0F5 /* ProductListInterfaceController.m */; };
		5B3972811ADFF2A60071F0F5 /* Product.m in Sources */ = {isa = PBXBuildFile; fileRef = 5B3972801ADFF2A60071F0F5 /* Product.m */; };
		5BD2C64D1ADE9F04006A7653 /* ProductCategory.m in Sources */ = {isa = PBXBuildFile; fileRef = 5BD2C64C1ADE9F04006A7653 /* ProductCategory.m */; };
		5BD2C6581ADEA242006A7653 /* CategoryProductListInterfaceController.m in Sources */ = {isa = PBXBuildFile; fileRef = 5BD2C64F1ADEA242006A7653 /* CategoryProductListInterfaceController.m */; };
		5BD2C6591ADEA242006A7653 /* InterfaceController.m in Sources */ = {isa = PBXBuildFile; fileRef = 5BD2C6511ADEA242006A7653 /* InterfaceController.m */; };
		5BD2C65A1ADEA242006A7653 /* PageOneInterfaceController.m in Sources */ = {isa = PBXBuildFile; fileRef = 5BD2C6531ADEA242006A7653 /* PageOneInterfaceController.m */; };
		5BD2C65B1ADEA242006A7653 /* PageThreeInterfaceController.m in Sources */ = {isa = PBXBuildFile; fileRef = 5BD2C6551ADEA242006A7653 /* PageThreeInterfaceController.m */; };
		5BD2C65C1ADEA242006A7653 /* PageTwoInterfaceController.m in Sources */ = {isa = PBXBuildFile; fileRef = 5BD2C6571ADEA242006A7653 /* PageTwoInterfaceController.m */; };
		5BD2C6601ADEA29F006A7653 /* CategoryProductRowController.m in Sources */ = {isa = PBXBuildFile; fileRef = 5BD2C65F1ADEA29F006A7653 /* CategoryProductRowController.m */; };
		5BD2C6631ADEA2CD006A7653 /* NotificationController.m in Sources */ = {isa = PBXBuildFile; fileRef = 5BD2C6621ADEA2CD006A7653 /* NotificationController.m */; };
		7B2CC4AA1AD025EA00FF8926 /* main.m in Sources */ = {isa = PBXBuildFile; fileRef = 7B2CC4A91AD025EA00FF8926 /* main.m */; };
		7B2CC4AD1AD025EA00FF8926 /* AppDelegate.m in Sources */ = {isa = PBXBuildFile; fileRef = 7B2CC4AC1AD025EA00FF8926 /* AppDelegate.m */; };
		7B2CC4B01AD025EA00FF8926 /* ViewController.m in Sources */ = {isa = PBXBuildFile; fileRef = 7B2CC4AF1AD025EA00FF8926 /* ViewController.m */; };
		7B2CC4B31AD025EA00FF8926 /* Main.storyboard in Resources */ = {isa = PBXBuildFile; fileRef = 7B2CC4B11AD025EA00FF8926 /* Main.storyboard */; };
		7B2CC4B51AD025EA00FF8926 /* Images.xcassets in Resources */ = {isa = PBXBuildFile; fileRef = 7B2CC4B41AD025EA00FF8926 /* Images.xcassets */; };
		7B2CC4B81AD025EA00FF8926 /* LaunchScreen.xib in Resources */ = {isa = PBXBuildFile; fileRef = 7B2CC4B61AD025EA00FF8926 /* LaunchScreen.xib */; };
		7B2CC4C41AD025EA00FF8926 /* helloAppleWatchTests.m in Sources */ = {isa = PBXBuildFile; fileRef = 7B2CC4C31AD025EA00FF8926 /* helloAppleWatchTests.m */; };
		7B2CC4E01AD02AFD00FF8926 /* Images.xcassets in Resources */ = {isa = PBXBuildFile; fileRef = 7B2CC4DF1AD02AFD00FF8926 /* Images.xcassets */; };
		7B2CC4E41AD02AFD00FF8926 /* helloAppleWatch WatchKit App.app in Resources */ = {isa = PBXBuildFile; fileRef = 7B2CC4E31AD02AFD00FF8926 /* helloAppleWatch WatchKit App.app */; };
		7B2CC4EC1AD02AFD00FF8926 /* Interface.storyboard in Resources */ = {isa = PBXBuildFile; fileRef = 7B2CC4EA1AD02AFD00FF8926 /* Interface.storyboard */; };
		7B2CC4EE1AD02AFD00FF8926 /* Images.xcassets in Resources */ = {isa = PBXBuildFile; fileRef = 7B2CC4ED1AD02AFD00FF8926 /* Images.xcassets */; };
		7B2CC4F11AD02AFD00FF8926 /* helloAppleWatch WatchKit Extension.appex in Embed App Extensions */ = {isa = PBXBuildFile; fileRef = 7B2CC4D41AD02AFD00FF8926 /* helloAppleWatch WatchKit Extension.appex */; settings = {ATTRIBUTES = (RemoveHeadersOnCopy, ); }; };
		7BB929C61AE9E660004F8190 /* Cart.m in Sources */ = {isa = PBXBuildFile; fileRef = 7BB929C51AE9E660004F8190 /* Cart.m */; };
/* End PBXBuildFile section */

/* Begin PBXContainerItemProxy section */
		7B2CC4BE1AD025EA00FF8926 /* PBXContainerItemProxy */ = {
			isa = PBXContainerItemProxy;
			containerPortal = 7B2CC49C1AD025EA00FF8926 /* Project object */;
			proxyType = 1;
			remoteGlobalIDString = 7B2CC4A31AD025EA00FF8926;
			remoteInfo = helloAppleWatch;
		};
		7B2CC4E51AD02AFD00FF8926 /* PBXContainerItemProxy */ = {
			isa = PBXContainerItemProxy;
			containerPortal = 7B2CC49C1AD025EA00FF8926 /* Project object */;
			proxyType = 1;
			remoteGlobalIDString = 7B2CC4E21AD02AFD00FF8926;
			remoteInfo = "helloAppleWatch WatchKit App";
		};
		7B2CC4EF1AD02AFD00FF8926 /* PBXContainerItemProxy */ = {
			isa = PBXContainerItemProxy;
			containerPortal = 7B2CC49C1AD025EA00FF8926 /* Project object */;
			proxyType = 1;
			remoteGlobalIDString = 7B2CC4D31AD02AFD00FF8926;
			remoteInfo = "helloAppleWatch WatchKit Extension";
		};
/* End PBXContainerItemProxy section */

/* Begin PBXCopyFilesBuildPhase section */
		7B2CC4F81AD02AFE00FF8926 /* Embed App Extensions */ = {
			isa = PBXCopyFilesBuildPhase;
			buildActionMask = 2147483647;
			dstPath = "";
			dstSubfolderSpec = 13;
			files = (
				7B2CC4F11AD02AFD00FF8926 /* helloAppleWatch WatchKit Extension.appex in Embed App Extensions */,
			);
			name = "Embed App Extensions";
			runOnlyForDeploymentPostprocessing = 0;
		};
/* End PBXCopyFilesBuildPhase section */

/* Begin PBXFileReference section */
		5B39727C1ADFE36E0071F0F5 /* ProductListInterfaceController.h */ = {isa = PBXFileReference; fileEncoding = 4; lastKnownFileType = sourcecode.c.h; name = ProductListInterfaceController.h; path = Interface/ProductListInterfaceController.h; sourceTree = "<group>"; };
		5B39727D1ADFE36E0071F0F5 /* ProductListInterfaceController.m */ = {isa = PBXFileReference; fileEncoding = 4; lastKnownFileType = sourcecode.c.objc; name = ProductListInterfaceController.m; path = Interface/ProductListInterfaceController.m; sourceTree = "<group>"; };
		5B39727F1ADFF2A60071F0F5 /* Product.h */ = {isa = PBXFileReference; fileEncoding = 4; lastKnownFileType = sourcecode.c.h; name = Product.h; path = Model/Product.h; sourceTree = "<group>"; };
		5B3972801ADFF2A60071F0F5 /* Product.m */ = {isa = PBXFileReference; fileEncoding = 4; lastKnownFileType = sourcecode.c.objc; name = Product.m; path = Model/Product.m; sourceTree = "<group>"; };
		5BD2C64B1ADE9F04006A7653 /* ProductCategory.h */ = {isa = PBXFileReference; fileEncoding = 4; lastKnownFileType = sourcecode.c.h; name = ProductCategory.h; path = Model/ProductCategory.h; sourceTree = "<group>"; };
		5BD2C64C1ADE9F04006A7653 /* ProductCategory.m */ = {isa = PBXFileReference; fileEncoding = 4; lastKnownFileType = sourcecode.c.objc; name = ProductCategory.m; path = Model/ProductCategory.m; sourceTree = "<group>"; };
		5BD2C64E1ADEA242006A7653 /* CategoryProductListInterfaceController.h */ = {isa = PBXFileReference; fileEncoding = 4; lastKnownFileType = sourcecode.c.h; name = CategoryProductListInterfaceController.h; path = Interface/CategoryProductListInterfaceController.h; sourceTree = "<group>"; };
		5BD2C64F1ADEA242006A7653 /* CategoryProductListInterfaceController.m */ = {isa = PBXFileReference; fileEncoding = 4; lastKnownFileType = sourcecode.c.objc; name = CategoryProductListInterfaceController.m; path = Interface/CategoryProductListInterfaceController.m; sourceTree = "<group>"; };
		5BD2C6501ADEA242006A7653 /* InterfaceController.h */ = {isa = PBXFileReference; fileEncoding = 4; lastKnownFileType = sourcecode.c.h; name = InterfaceController.h; path = Interface/InterfaceController.h; sourceTree = "<group>"; };
		5BD2C6511ADEA242006A7653 /* InterfaceController.m */ = {isa = PBXFileReference; fileEncoding = 4; lastKnownFileType = sourcecode.c.objc; name = InterfaceController.m; path = Interface/InterfaceController.m; sourceTree = "<group>"; };
		5BD2C6521ADEA242006A7653 /* PageOneInterfaceController.h */ = {isa = PBXFileReference; fileEncoding = 4; lastKnownFileType = sourcecode.c.h; name = PageOneInterfaceController.h; path = Interface/PageOneInterfaceController.h; sourceTree = "<group>"; };
		5BD2C6531ADEA242006A7653 /* PageOneInterfaceController.m */ = {isa = PBXFileReference; fileEncoding = 4; lastKnownFileType = sourcecode.c.objc; name = PageOneInterfaceController.m; path = Interface/PageOneInterfaceController.m; sourceTree = "<group>"; };
		5BD2C6541ADEA242006A7653 /* PageThreeInterfaceController.h */ = {isa = PBXFileReference; fileEncoding = 4; lastKnownFileType = sourcecode.c.h; name = PageThreeInterfaceController.h; path = Interface/PageThreeInterfaceController.h; sourceTree = "<group>"; };
		5BD2C6551ADEA242006A7653 /* PageThreeInterfaceController.m */ = {isa = PBXFileReference; fileEncoding = 4; lastKnownFileType = sourcecode.c.objc; name = PageThreeInterfaceController.m; path = Interface/PageThreeInterfaceController.m; sourceTree = "<group>"; };
		5BD2C6561ADEA242006A7653 /* PageTwoInterfaceController.h */ = {isa = PBXFileReference; fileEncoding = 4; lastKnownFileType = sourcecode.c.h; name = PageTwoInterfaceController.h; path = Interface/PageTwoInterfaceController.h; sourceTree = "<group>"; };
		5BD2C6571ADEA242006A7653 /* PageTwoInterfaceController.m */ = {isa = PBXFileReference; fileEncoding = 4; lastKnownFileType = sourcecode.c.objc; name = PageTwoInterfaceController.m; path = Interface/PageTwoInterfaceController.m; sourceTree = "<group>"; };
		5BD2C65E1ADEA29F006A7653 /* CategoryProductRowController.h */ = {isa = PBXFileReference; fileEncoding = 4; lastKnownFileType = sourcecode.c.h; name = CategoryProductRowController.h; path = RowController/CategoryProductRowController.h; sourceTree = "<group>"; };
		5BD2C65F1ADEA29F006A7653 /* CategoryProductRowController.m */ = {isa = PBXFileReference; fileEncoding = 4; lastKnownFileType = sourcecode.c.objc; name = CategoryProductRowController.m; path = RowController/CategoryProductRowController.m; sourceTree = "<group>"; };
		5BD2C6611ADEA2CD006A7653 /* NotificationController.h */ = {isa = PBXFileReference; fileEncoding = 4; lastKnownFileType = sourcecode.c.h; name = NotificationController.h; path = Notification/NotificationController.h; sourceTree = "<group>"; };
		5BD2C6621ADEA2CD006A7653 /* NotificationController.m */ = {isa = PBXFileReference; fileEncoding = 4; lastKnownFileType = sourcecode.c.objc; name = NotificationController.m; path = Notification/NotificationController.m; sourceTree = "<group>"; };
		7B2CC4A41AD025EA00FF8926 /* helloAppleWatch.app */ = {isa = PBXFileReference; explicitFileType = wrapper.application; includeInIndex = 0; path = helloAppleWatch.app; sourceTree = BUILT_PRODUCTS_DIR; };
		7B2CC4A81AD025EA00FF8926 /* Info.plist */ = {isa = PBXFileReference; lastKnownFileType = text.plist.xml; path = Info.plist; sourceTree = "<group>"; };
		7B2CC4A91AD025EA00FF8926 /* main.m */ = {isa = PBXFileReference; lastKnownFileType = sourcecode.c.objc; path = main.m; sourceTree = "<group>"; };
		7B2CC4AB1AD025EA00FF8926 /* AppDelegate.h */ = {isa = PBXFileReference; lastKnownFileType = sourcecode.c.h; path = AppDelegate.h; sourceTree = "<group>"; };
		7B2CC4AC1AD025EA00FF8926 /* AppDelegate.m */ = {isa = PBXFileReference; lastKnownFileType = sourcecode.c.objc; path = AppDelegate.m; sourceTree = "<group>"; };
		7B2CC4AE1AD025EA00FF8926 /* ViewController.h */ = {isa = PBXFileReference; lastKnownFileType = sourcecode.c.h; path = ViewController.h; sourceTree = "<group>"; };
		7B2CC4AF1AD025EA00FF8926 /* ViewController.m */ = {isa = PBXFileReference; lastKnownFileType = sourcecode.c.objc; path = ViewController.m; sourceTree = "<group>"; };
		7B2CC4B21AD025EA00FF8926 /* Base */ = {isa = PBXFileReference; lastKnownFileType = file.storyboard; name = Base; path = Base.lproj/Main.storyboard; sourceTree = "<group>"; };
		7B2CC4B41AD025EA00FF8926 /* Images.xcassets */ = {isa = PBXFileReference; lastKnownFileType = folder.assetcatalog; path = Images.xcassets; sourceTree = "<group>"; };
		7B2CC4B71AD025EA00FF8926 /* Base */ = {isa = PBXFileReference; lastKnownFileType = file.xib; name = Base; path = Base.lproj/LaunchScreen.xib; sourceTree = "<group>"; };
		7B2CC4BD1AD025EA00FF8926 /* helloAppleWatchTests.xctest */ = {isa = PBXFileReference; explicitFileType = wrapper.cfbundle; includeInIndex = 0; path = helloAppleWatchTests.xctest; sourceTree = BUILT_PRODUCTS_DIR; };
		7B2CC4C21AD025EA00FF8926 /* Info.plist */ = {isa = PBXFileReference; lastKnownFileType = text.plist.xml; path = Info.plist; sourceTree = "<group>"; };
		7B2CC4C31AD025EA00FF8926 /* helloAppleWatchTests.m */ = {isa = PBXFileReference; lastKnownFileType = sourcecode.c.objc; path = helloAppleWatchTests.m; sourceTree = "<group>"; };
		7B2CC4D41AD02AFD00FF8926 /* helloAppleWatch WatchKit Extension.appex */ = {isa = PBXFileReference; explicitFileType = "wrapper.app-extension"; includeInIndex = 0; path = "helloAppleWatch WatchKit Extension.appex"; sourceTree = BUILT_PRODUCTS_DIR; };
		7B2CC4D71AD02AFD00FF8926 /* Info.plist */ = {isa = PBXFileReference; lastKnownFileType = text.plist.xml; path = Info.plist; sourceTree = "<group>"; };
		7B2CC4D81AD02AFD00FF8926 /* PushNotificationPayload.apns */ = {isa = PBXFileReference; lastKnownFileType = text; path = PushNotificationPayload.apns; sourceTree = "<group>"; };
		7B2CC4DF1AD02AFD00FF8926 /* Images.xcassets */ = {isa = PBXFileReference; lastKnownFileType = folder.assetcatalog; path = Images.xcassets; sourceTree = "<group>"; };
		7B2CC4E31AD02AFD00FF8926 /* helloAppleWatch WatchKit App.app */ = {isa = PBXFileReference; explicitFileType = wrapper.application; includeInIndex = 0; path = "helloAppleWatch WatchKit App.app"; sourceTree = BUILT_PRODUCTS_DIR; };
		7B2CC4E91AD02AFD00FF8926 /* Info.plist */ = {isa = PBXFileReference; lastKnownFileType = text.plist.xml; path = Info.plist; sourceTree = "<group>"; };
		7B2CC4EB1AD02AFD00FF8926 /* Base */ = {isa = PBXFileReference; lastKnownFileType = file.storyboard; name = Base; path = Base.lproj/Interface.storyboard; sourceTree = "<group>"; };
		7B2CC4ED1AD02AFD00FF8926 /* Images.xcassets */ = {isa = PBXFileReference; lastKnownFileType = folder.assetcatalog; path = Images.xcassets; sourceTree = "<group>"; };
		7BB929C41AE9E660004F8190 /* Cart.h */ = {isa = PBXFileReference; fileEncoding = 4; lastKnownFileType = sourcecode.c.h; name = Cart.h; path = Model/Cart.h; sourceTree = "<group>"; };
		7BB929C51AE9E660004F8190 /* Cart.m */ = {isa = PBXFileReference; fileEncoding = 4; lastKnownFileType = sourcecode.c.objc; name = Cart.m; path = Model/Cart.m; sourceTree = "<group>"; };
/* End PBXFileReference section */

/* Begin PBXFrameworksBuildPhase section */
		7B2CC4A11AD025EA00FF8926 /* Frameworks */ = {
			isa = PBXFrameworksBuildPhase;
			buildActionMask = 2147483647;
			files = (
			);
			runOnlyForDeploymentPostprocessing = 0;
		};
		7B2CC4BA1AD025EA00FF8926 /* Frameworks */ = {
			isa = PBXFrameworksBuildPhase;
			buildActionMask = 2147483647;
			files = (
			);
			runOnlyForDeploymentPostprocessing = 0;
		};
		7B2CC4D11AD02AFD00FF8926 /* Frameworks */ = {
			isa = PBXFrameworksBuildPhase;
			buildActionMask = 2147483647;
			files = (
			);
			runOnlyForDeploymentPostprocessing = 0;
		};
/* End PBXFrameworksBuildPhase section */

/* Begin PBXGroup section */
		5BD2C64A1ADE9EAC006A7653 /* Model */ = {
			isa = PBXGroup;
			children = (
				5BD2C64B1ADE9F04006A7653 /* ProductCategory.h */,
				5BD2C64C1ADE9F04006A7653 /* ProductCategory.m */,
				5B39727F1ADFF2A60071F0F5 /* Product.h */,
				5B3972801ADFF2A60071F0F5 /* Product.m */,
				7BB929C41AE9E660004F8190 /* Cart.h */,
				7BB929C51AE9E660004F8190 /* Cart.m */,
			);
			name = Model;
			sourceTree = "<group>";
		};
		5BD2C65D1ADEA293006A7653 /* RowController */ = {
			isa = PBXGroup;
			children = (
				5BD2C65E1ADEA29F006A7653 /* CategoryProductRowController.h */,
				5BD2C65F1ADEA29F006A7653 /* CategoryProductRowController.m */,
			);
			name = RowController;
			sourceTree = "<group>";
		};
		7B186D441AD5DEF200B39F8C /* Interface */ = {
			isa = PBXGroup;
			children = (
				5BD2C64E1ADEA242006A7653 /* CategoryProductListInterfaceController.h */,
				5BD2C64F1ADEA242006A7653 /* CategoryProductListInterfaceController.m */,
				5BD2C6501ADEA242006A7653 /* InterfaceController.h */,
				5BD2C6511ADEA242006A7653 /* InterfaceController.m */,
				5BD2C6521ADEA242006A7653 /* PageOneInterfaceController.h */,
				5BD2C6531ADEA242006A7653 /* PageOneInterfaceController.m */,
				5BD2C6541ADEA242006A7653 /* PageThreeInterfaceController.h */,
				5BD2C6551ADEA242006A7653 /* PageThreeInterfaceController.m */,
				5BD2C6561ADEA242006A7653 /* PageTwoInterfaceController.h */,
				5BD2C6571ADEA242006A7653 /* PageTwoInterfaceController.m */,
				5B39727C1ADFE36E0071F0F5 /* ProductListInterfaceController.h */,
				5B39727D1ADFE36E0071F0F5 /* ProductListInterfaceController.m */,
			);
			name = Interface;
			sourceTree = "<group>";
		};
		7B186D451AD5DF1A00B39F8C /* Notification */ = {
			isa = PBXGroup;
			children = (
				5BD2C6611ADEA2CD006A7653 /* NotificationController.h */,
				5BD2C6621ADEA2CD006A7653 /* NotificationController.m */,
			);
			name = Notification;
			sourceTree = "<group>";
		};
		7B2CC49B1AD025EA00FF8926 = {
			isa = PBXGroup;
			children = (
				7B2CC4A61AD025EA00FF8926 /* helloAppleWatch */,
				7B2CC4C01AD025EA00FF8926 /* helloAppleWatchTests */,
				7B2CC4D51AD02AFD00FF8926 /* helloAppleWatch WatchKit Extension */,
				7B2CC4E71AD02AFD00FF8926 /* helloAppleWatch WatchKit App */,
				7B2CC4A51AD025EA00FF8926 /* Products */,
			);
			sourceTree = "<group>";
		};
		7B2CC4A51AD025EA00FF8926 /* Products */ = {
			isa = PBXGroup;
			children = (
				7B2CC4A41AD025EA00FF8926 /* helloAppleWatch.app */,
				7B2CC4BD1AD025EA00FF8926 /* helloAppleWatchTests.xctest */,
				7B2CC4D41AD02AFD00FF8926 /* helloAppleWatch WatchKit Extension.appex */,
				7B2CC4E31AD02AFD00FF8926 /* helloAppleWatch WatchKit App.app */,
			);
			name = Products;
			sourceTree = "<group>";
		};
		7B2CC4A61AD025EA00FF8926 /* helloAppleWatch */ = {
			isa = PBXGroup;
			children = (
				7B2CC4AB1AD025EA00FF8926 /* AppDelegate.h */,
				7B2CC4AC1AD025EA00FF8926 /* AppDelegate.m */,
				7B2CC4AE1AD025EA00FF8926 /* ViewController.h */,
				7B2CC4AF1AD025EA00FF8926 /* ViewController.m */,
				7B2CC4B11AD025EA00FF8926 /* Main.storyboard */,
				7B2CC4B41AD025EA00FF8926 /* Images.xcassets */,
				7B2CC4B61AD025EA00FF8926 /* LaunchScreen.xib */,
				7B2CC4A71AD025EA00FF8926 /* Supporting Files */,
			);
			path = helloAppleWatch;
			sourceTree = "<group>";
		};
		7B2CC4A71AD025EA00FF8926 /* Supporting Files */ = {
			isa = PBXGroup;
			children = (
				7B2CC4A81AD025EA00FF8926 /* Info.plist */,
				7B2CC4A91AD025EA00FF8926 /* main.m */,
			);
			name = "Supporting Files";
			sourceTree = "<group>";
		};
		7B2CC4C01AD025EA00FF8926 /* helloAppleWatchTests */ = {
			isa = PBXGroup;
			children = (
				7B2CC4C31AD025EA00FF8926 /* helloAppleWatchTests.m */,
				7B2CC4C11AD025EA00FF8926 /* Supporting Files */,
			);
			path = helloAppleWatchTests;
			sourceTree = "<group>";
		};
		7B2CC4C11AD025EA00FF8926 /* Supporting Files */ = {
			isa = PBXGroup;
			children = (
				7B2CC4C21AD025EA00FF8926 /* Info.plist */,
			);
			name = "Supporting Files";
			sourceTree = "<group>";
		};
		7B2CC4D51AD02AFD00FF8926 /* helloAppleWatch WatchKit Extension */ = {
			isa = PBXGroup;
			children = (
				5BD2C65D1ADEA293006A7653 /* RowController */,
				5BD2C64A1ADE9EAC006A7653 /* Model */,
				7B186D451AD5DF1A00B39F8C /* Notification */,
				7B186D441AD5DEF200B39F8C /* Interface */,
				7B2CC4DF1AD02AFD00FF8926 /* Images.xcassets */,
				7B2CC4D61AD02AFD00FF8926 /* Supporting Files */,
			);
			path = "helloAppleWatch WatchKit Extension";
			sourceTree = "<group>";
		};
		7B2CC4D61AD02AFD00FF8926 /* Supporting Files */ = {
			isa = PBXGroup;
			children = (
				7B2CC4D71AD02AFD00FF8926 /* Info.plist */,
				7B2CC4D81AD02AFD00FF8926 /* PushNotificationPayload.apns */,
			);
			name = "Supporting Files";
			sourceTree = "<group>";
		};
		7B2CC4E71AD02AFD00FF8926 /* helloAppleWatch WatchKit App */ = {
			isa = PBXGroup;
			children = (
				7B2CC4EA1AD02AFD00FF8926 /* Interface.storyboard */,
				7B2CC4ED1AD02AFD00FF8926 /* Images.xcassets */,
				7B2CC4E81AD02AFD00FF8926 /* Supporting Files */,
			);
			path = "helloAppleWatch WatchKit App";
			sourceTree = "<group>";
		};
		7B2CC4E81AD02AFD00FF8926 /* Supporting Files */ = {
			isa = PBXGroup;
			children = (
				7B2CC4E91AD02AFD00FF8926 /* Info.plist */,
			);
			name = "Supporting Files";
			sourceTree = "<group>";
		};
/* End PBXGroup section */

/* Begin PBXNativeTarget section */
		7B2CC4A31AD025EA00FF8926 /* helloAppleWatch */ = {
			isa = PBXNativeTarget;
			buildConfigurationList = 7B2CC4C71AD025EA00FF8926 /* Build configuration list for PBXNativeTarget "helloAppleWatch" */;
			buildPhases = (
				7B2CC4A01AD025EA00FF8926 /* Sources */,
				7B2CC4A11AD025EA00FF8926 /* Frameworks */,
				7B2CC4A21AD025EA00FF8926 /* Resources */,
				7B2CC4F81AD02AFE00FF8926 /* Embed App Extensions */,
			);
			buildRules = (
			);
			dependencies = (
				7B2CC4F01AD02AFD00FF8926 /* PBXTargetDependency */,
			);
			name = helloAppleWatch;
			productName = helloAppleWatch;
			productReference = 7B2CC4A41AD025EA00FF8926 /* helloAppleWatch.app */;
			productType = "com.apple.product-type.application";
		};
		7B2CC4BC1AD025EA00FF8926 /* helloAppleWatchTests */ = {
			isa = PBXNativeTarget;
			buildConfigurationList = 7B2CC4CA1AD025EA00FF8926 /* Build configuration list for PBXNativeTarget "helloAppleWatchTests" */;
			buildPhases = (
				7B2CC4B91AD025EA00FF8926 /* Sources */,
				7B2CC4BA1AD025EA00FF8926 /* Frameworks */,
				7B2CC4BB1AD025EA00FF8926 /* Resources */,
			);
			buildRules = (
			);
			dependencies = (
				7B2CC4BF1AD025EA00FF8926 /* PBXTargetDependency */,
			);
			name = helloAppleWatchTests;
			productName = helloAppleWatchTests;
			productReference = 7B2CC4BD1AD025EA00FF8926 /* helloAppleWatchTests.xctest */;
			productType = "com.apple.product-type.bundle.unit-test";
		};
		7B2CC4D31AD02AFD00FF8926 /* helloAppleWatch WatchKit Extension */ = {
			isa = PBXNativeTarget;
			buildConfigurationList = 7B2CC4F51AD02AFE00FF8926 /* Build configuration list for PBXNativeTarget "helloAppleWatch WatchKit Extension" */;
			buildPhases = (
				7B2CC4D01AD02AFD00FF8926 /* Sources */,
				7B2CC4D11AD02AFD00FF8926 /* Frameworks */,
				7B2CC4D21AD02AFD00FF8926 /* Resources */,
			);
			buildRules = (
			);
			dependencies = (
				7B2CC4E61AD02AFD00FF8926 /* PBXTargetDependency */,
			);
			name = "helloAppleWatch WatchKit Extension";
			productName = "helloAppleWatch WatchKit Extension";
			productReference = 7B2CC4D41AD02AFD00FF8926 /* helloAppleWatch WatchKit Extension.appex */;
			productType = "com.apple.product-type.watchkit-extension";
		};
		7B2CC4E21AD02AFD00FF8926 /* helloAppleWatch WatchKit App */ = {
			isa = PBXNativeTarget;
			buildConfigurationList = 7B2CC4F21AD02AFE00FF8926 /* Build configuration list for PBXNativeTarget "helloAppleWatch WatchKit App" */;
			buildPhases = (
				7B2CC4E11AD02AFD00FF8926 /* Resources */,
			);
			buildRules = (
			);
			dependencies = (
			);
			name = "helloAppleWatch WatchKit App";
			productName = "helloAppleWatch WatchKit App";
			productReference = 7B2CC4E31AD02AFD00FF8926 /* helloAppleWatch WatchKit App.app */;
			productType = "com.apple.product-type.application.watchapp";
		};
/* End PBXNativeTarget section */

/* Begin PBXProject section */
		7B2CC49C1AD025EA00FF8926 /* Project object */ = {
			isa = PBXProject;
			attributes = {
				LastUpgradeCheck = 0630;
				ORGANIZATIONNAME = "Jhonathan Wyterlin";
				TargetAttributes = {
					7B2CC4A31AD025EA00FF8926 = {
						CreatedOnToolsVersion = 6.3;
					};
					7B2CC4BC1AD025EA00FF8926 = {
						CreatedOnToolsVersion = 6.3;
						TestTargetID = 7B2CC4A31AD025EA00FF8926;
					};
					7B2CC4D31AD02AFD00FF8926 = {
						CreatedOnToolsVersion = 6.3;
					};
					7B2CC4E21AD02AFD00FF8926 = {
						CreatedOnToolsVersion = 6.3;
					};
				};
			};
			buildConfigurationList = 7B2CC49F1AD025EA00FF8926 /* Build configuration list for PBXProject "helloAppleWatch" */;
			compatibilityVersion = "Xcode 3.2";
			developmentRegion = English;
			hasScannedForEncodings = 0;
			knownRegions = (
				en,
				Base,
			);
			mainGroup = 7B2CC49B1AD025EA00FF8926;
			productRefGroup = 7B2CC4A51AD025EA00FF8926 /* Products */;
			projectDirPath = "";
			projectRoot = "";
			targets = (
				7B2CC4A31AD025EA00FF8926 /* helloAppleWatch */,
				7B2CC4BC1AD025EA00FF8926 /* helloAppleWatchTests */,
				7B2CC4D31AD02AFD00FF8926 /* helloAppleWatch WatchKit Extension */,
				7B2CC4E21AD02AFD00FF8926 /* helloAppleWatch WatchKit App */,
			);
		};
/* End PBXProject section */

/* Begin PBXResourcesBuildPhase section */
		7B2CC4A21AD025EA00FF8926 /* Resources */ = {
			isa = PBXResourcesBuildPhase;
			buildActionMask = 2147483647;
			files = (
				7B2CC4B31AD025EA00FF8926 /* Main.storyboard in Resources */,
				7B2CC4B81AD025EA00FF8926 /* LaunchScreen.xib in Resources */,
				7B2CC4B51AD025EA00FF8926 /* Images.xcassets in Resources */,
			);
			runOnlyForDeploymentPostprocessing = 0;
		};
		7B2CC4BB1AD025EA00FF8926 /* Resources */ = {
			isa = PBXResourcesBuildPhase;
			buildActionMask = 2147483647;
			files = (
			);
			runOnlyForDeploymentPostprocessing = 0;
		};
		7B2CC4D21AD02AFD00FF8926 /* Resources */ = {
			isa = PBXResourcesBuildPhase;
			buildActionMask = 2147483647;
			files = (
				7B2CC4E41AD02AFD00FF8926 /* helloAppleWatch WatchKit App.app in Resources */,
				7B2CC4E01AD02AFD00FF8926 /* Images.xcassets in Resources */,
			);
			runOnlyForDeploymentPostprocessing = 0;
		};
		7B2CC4E11AD02AFD00FF8926 /* Resources */ = {
			isa = PBXResourcesBuildPhase;
			buildActionMask = 2147483647;
			files = (
				7B2CC4EC1AD02AFD00FF8926 /* Interface.storyboard in Resources */,
				7B2CC4EE1AD02AFD00FF8926 /* Images.xcassets in Resources */,
			);
			runOnlyForDeploymentPostprocessing = 0;
		};
/* End PBXResourcesBuildPhase section */

/* Begin PBXSourcesBuildPhase section */
		7B2CC4A01AD025EA00FF8926 /* Sources */ = {
			isa = PBXSourcesBuildPhase;
			buildActionMask = 2147483647;
			files = (
				7B2CC4B01AD025EA00FF8926 /* ViewController.m in Sources */,
				7B2CC4AD1AD025EA00FF8926 /* AppDelegate.m in Sources */,
				7B2CC4AA1AD025EA00FF8926 /* main.m in Sources */,
			);
			runOnlyForDeploymentPostprocessing = 0;
		};
		7B2CC4B91AD025EA00FF8926 /* Sources */ = {
			isa = PBXSourcesBuildPhase;
			buildActionMask = 2147483647;
			files = (
				7B2CC4C41AD025EA00FF8926 /* helloAppleWatchTests.m in Sources */,
			);
			runOnlyForDeploymentPostprocessing = 0;
		};
		7B2CC4D01AD02AFD00FF8926 /* Sources */ = {
			isa = PBXSourcesBuildPhase;
			buildActionMask = 2147483647;
			files = (
				5BD2C65B1ADEA242006A7653 /* PageThreeInterfaceController.m in Sources */,
				5B3972811ADFF2A60071F0F5 /* Product.m in Sources */,
				5BD2C6591ADEA242006A7653 /* InterfaceController.m in Sources */,
				5BD2C65A1ADEA242006A7653 /* PageOneInterfaceController.m in Sources */,
				5BD2C65C1ADEA242006A7653 /* PageTwoInterfaceController.m in Sources */,
				5BD2C6631ADEA2CD006A7653 /* NotificationController.m in Sources */,
				7BB929C61AE9E660004F8190 /* Cart.m in Sources */,
				5BD2C6601ADEA29F006A7653 /* CategoryProductRowController.m in Sources */,
				5B39727E1ADFE36E0071F0F5 /* ProductListInterfaceController.m in Sources */,
				5BD2C6581ADEA242006A7653 /* CategoryProductListInterfaceController.m in Sources */,
				5BD2C64D1ADE9F04006A7653 /* ProductCategory.m in Sources */,
			);
			runOnlyForDeploymentPostprocessing = 0;
		};
/* End PBXSourcesBuildPhase section */

/* Begin PBXTargetDependency section */
		7B2CC4BF1AD025EA00FF8926 /* PBXTargetDependency */ = {
			isa = PBXTargetDependency;
			target = 7B2CC4A31AD025EA00FF8926 /* helloAppleWatch */;
			targetProxy = 7B2CC4BE1AD025EA00FF8926 /* PBXContainerItemProxy */;
		};
		7B2CC4E61AD02AFD00FF8926 /* PBXTargetDependency */ = {
			isa = PBXTargetDependency;
			target = 7B2CC4E21AD02AFD00FF8926 /* helloAppleWatch WatchKit App */;
			targetProxy = 7B2CC4E51AD02AFD00FF8926 /* PBXContainerItemProxy */;
		};
		7B2CC4F01AD02AFD00FF8926 /* PBXTargetDependency */ = {
			isa = PBXTargetDependency;
			target = 7B2CC4D31AD02AFD00FF8926 /* helloAppleWatch WatchKit Extension */;
			targetProxy = 7B2CC4EF1AD02AFD00FF8926 /* PBXContainerItemProxy */;
		};
/* End PBXTargetDependency section */

/* Begin PBXVariantGroup section */
		7B2CC4B11AD025EA00FF8926 /* Main.storyboard */ = {
			isa = PBXVariantGroup;
			children = (
				7B2CC4B21AD025EA00FF8926 /* Base */,
			);
			name = Main.storyboard;
			sourceTree = "<group>";
		};
		7B2CC4B61AD025EA00FF8926 /* LaunchScreen.xib */ = {
			isa = PBXVariantGroup;
			children = (
				7B2CC4B71AD025EA00FF8926 /* Base */,
			);
			name = LaunchScreen.xib;
			sourceTree = "<group>";
		};
		7B2CC4EA1AD02AFD00FF8926 /* Interface.storyboard */ = {
			isa = PBXVariantGroup;
			children = (
				7B2CC4EB1AD02AFD00FF8926 /* Base */,
			);
			name = Interface.storyboard;
			sourceTree = "<group>";
		};
/* End PBXVariantGroup section */

/* Begin XCBuildConfiguration section */
		7B2CC4C51AD025EA00FF8926 /* Debug */ = {
			isa = XCBuildConfiguration;
			buildSettings = {
				ALWAYS_SEARCH_USER_PATHS = NO;
				CLANG_CXX_LANGUAGE_STANDARD = "gnu++0x";
				CLANG_CXX_LIBRARY = "libc++";
				CLANG_ENABLE_MODULES = YES;
				CLANG_ENABLE_OBJC_ARC = YES;
				CLANG_WARN_BOOL_CONVERSION = YES;
				CLANG_WARN_CONSTANT_CONVERSION = YES;
				CLANG_WARN_DIRECT_OBJC_ISA_USAGE = YES_ERROR;
				CLANG_WARN_EMPTY_BODY = YES;
				CLANG_WARN_ENUM_CONVERSION = YES;
				CLANG_WARN_INT_CONVERSION = YES;
				CLANG_WARN_OBJC_ROOT_CLASS = YES_ERROR;
				CLANG_WARN_UNREACHABLE_CODE = YES;
				CLANG_WARN__DUPLICATE_METHOD_MATCH = YES;
				"CODE_SIGN_IDENTITY[sdk=iphoneos*]" = "iPhone Developer";
				COPY_PHASE_STRIP = NO;
				DEBUG_INFORMATION_FORMAT = "dwarf-with-dsym";
				ENABLE_STRICT_OBJC_MSGSEND = YES;
				GCC_C_LANGUAGE_STANDARD = gnu99;
				GCC_DYNAMIC_NO_PIC = NO;
				GCC_NO_COMMON_BLOCKS = YES;
				GCC_OPTIMIZATION_LEVEL = 0;
				GCC_PREPROCESSOR_DEFINITIONS = (
					"DEBUG=1",
					"$(inherited)",
				);
				GCC_SYMBOLS_PRIVATE_EXTERN = NO;
				GCC_WARN_64_TO_32_BIT_CONVERSION = YES;
				GCC_WARN_ABOUT_RETURN_TYPE = YES_ERROR;
				GCC_WARN_UNDECLARED_SELECTOR = YES;
				GCC_WARN_UNINITIALIZED_AUTOS = YES_AGGRESSIVE;
				GCC_WARN_UNUSED_FUNCTION = YES;
				GCC_WARN_UNUSED_VARIABLE = YES;
				IPHONEOS_DEPLOYMENT_TARGET = 8.2;
				MTL_ENABLE_DEBUG_INFO = YES;
				ONLY_ACTIVE_ARCH = YES;
				SDKROOT = iphoneos;
				TARGETED_DEVICE_FAMILY = "1,2";
			};
			name = Debug;
		};
		7B2CC4C61AD025EA00FF8926 /* Release */ = {
			isa = XCBuildConfiguration;
			buildSettings = {
				ALWAYS_SEARCH_USER_PATHS = NO;
				CLANG_CXX_LANGUAGE_STANDARD = "gnu++0x";
				CLANG_CXX_LIBRARY = "libc++";
				CLANG_ENABLE_MODULES = YES;
				CLANG_ENABLE_OBJC_ARC = YES;
				CLANG_WARN_BOOL_CONVERSION = YES;
				CLANG_WARN_CONSTANT_CONVERSION = YES;
				CLANG_WARN_DIRECT_OBJC_ISA_USAGE = YES_ERROR;
				CLANG_WARN_EMPTY_BODY = YES;
				CLANG_WARN_ENUM_CONVERSION = YES;
				CLANG_WARN_INT_CONVERSION = YES;
				CLANG_WARN_OBJC_ROOT_CLASS = YES_ERROR;
				CLANG_WARN_UNREACHABLE_CODE = YES;
				CLANG_WARN__DUPLICATE_METHOD_MATCH = YES;
				"CODE_SIGN_IDENTITY[sdk=iphoneos*]" = "iPhone Developer";
				COPY_PHASE_STRIP = NO;
				DEBUG_INFORMATION_FORMAT = "dwarf-with-dsym";
				ENABLE_NS_ASSERTIONS = NO;
				ENABLE_STRICT_OBJC_MSGSEND = YES;
				GCC_C_LANGUAGE_STANDARD = gnu99;
				GCC_NO_COMMON_BLOCKS = YES;
				GCC_WARN_64_TO_32_BIT_CONVERSION = YES;
				GCC_WARN_ABOUT_RETURN_TYPE = YES_ERROR;
				GCC_WARN_UNDECLARED_SELECTOR = YES;
				GCC_WARN_UNINITIALIZED_AUTOS = YES_AGGRESSIVE;
				GCC_WARN_UNUSED_FUNCTION = YES;
				GCC_WARN_UNUSED_VARIABLE = YES;
				IPHONEOS_DEPLOYMENT_TARGET = 8.2;
				MTL_ENABLE_DEBUG_INFO = NO;
				SDKROOT = iphoneos;
				TARGETED_DEVICE_FAMILY = "1,2";
				VALIDATE_PRODUCT = YES;
			};
			name = Release;
		};
		7B2CC4C81AD025EA00FF8926 /* Debug */ = {
			isa = XCBuildConfiguration;
			buildSettings = {
				ASSETCATALOG_COMPILER_APPICON_NAME = AppIcon;
				INFOPLIST_FILE = helloAppleWatch/Info.plist;
				IPHONEOS_DEPLOYMENT_TARGET = 8.2;
				LD_RUNPATH_SEARCH_PATHS = "$(inherited) @executable_path/Frameworks";
				PRODUCT_NAME = "$(TARGET_NAME)";
			};
			name = Debug;
		};
		7B2CC4C91AD025EA00FF8926 /* Release */ = {
			isa = XCBuildConfiguration;
			buildSettings = {
				ASSETCATALOG_COMPILER_APPICON_NAME = AppIcon;
				INFOPLIST_FILE = helloAppleWatch/Info.plist;
				IPHONEOS_DEPLOYMENT_TARGET = 8.2;
				LD_RUNPATH_SEARCH_PATHS = "$(inherited) @executable_path/Frameworks";
				PRODUCT_NAME = "$(TARGET_NAME)";
			};
			name = Release;
		};
		7B2CC4CB1AD025EA00FF8926 /* Debug */ = {
			isa = XCBuildConfiguration;
			buildSettings = {
				BUNDLE_LOADER = "$(TEST_HOST)";
				FRAMEWORK_SEARCH_PATHS = (
					"$(SDKROOT)/Developer/Library/Frameworks",
					"$(inherited)",
				);
				GCC_PREPROCESSOR_DEFINITIONS = (
					"DEBUG=1",
					"$(inherited)",
				);
				INFOPLIST_FILE = helloAppleWatchTests/Info.plist;
				LD_RUNPATH_SEARCH_PATHS = "$(inherited) @executable_path/Frameworks @loader_path/Frameworks";
				PRODUCT_NAME = "$(TARGET_NAME)";
				TEST_HOST = "$(BUILT_PRODUCTS_DIR)/helloAppleWatch.app/helloAppleWatch";
			};
			name = Debug;
		};
		7B2CC4CC1AD025EA00FF8926 /* Release */ = {
			isa = XCBuildConfiguration;
			buildSettings = {
				BUNDLE_LOADER = "$(TEST_HOST)";
				FRAMEWORK_SEARCH_PATHS = (
					"$(SDKROOT)/Developer/Library/Frameworks",
					"$(inherited)",
				);
				INFOPLIST_FILE = helloAppleWatchTests/Info.plist;
				LD_RUNPATH_SEARCH_PATHS = "$(inherited) @executable_path/Frameworks @loader_path/Frameworks";
				PRODUCT_NAME = "$(TARGET_NAME)";
				TEST_HOST = "$(BUILT_PRODUCTS_DIR)/helloAppleWatch.app/helloAppleWatch";
			};
			name = Release;
		};
		7B2CC4F31AD02AFE00FF8926 /* Debug */ = {
			isa = XCBuildConfiguration;
			buildSettings = {
				ASSETCATALOG_COMPILER_APPICON_NAME = AppIcon;
				GCC_PREPROCESSOR_DEFINITIONS = (
					"DEBUG=1",
					"$(inherited)",
				);
				IBSC_MODULE = helloAppleWatch_WatchKit_Extension;
				INFOPLIST_FILE = "helloAppleWatch WatchKit App/Info.plist";
				PRODUCT_NAME = "$(TARGET_NAME)";
				SKIP_INSTALL = YES;
				TARGETED_DEVICE_FAMILY = 4;
				"TARGETED_DEVICE_FAMILY[sdk=iphonesimulator*]" = "1,4";
			};
			name = Debug;
		};
		7B2CC4F41AD02AFE00FF8926 /* Release */ = {
			isa = XCBuildConfiguration;
			buildSettings = {
				ASSETCATALOG_COMPILER_APPICON_NAME = AppIcon;
				IBSC_MODULE = helloAppleWatch_WatchKit_Extension;
				INFOPLIST_FILE = "helloAppleWatch WatchKit App/Info.plist";
				PRODUCT_NAME = "$(TARGET_NAME)";
				SKIP_INSTALL = YES;
				TARGETED_DEVICE_FAMILY = 4;
				"TARGETED_DEVICE_FAMILY[sdk=iphonesimulator*]" = "1,4";
			};
			name = Release;
		};
		7B2CC4F61AD02AFE00FF8926 /* Debug */ = {
			isa = XCBuildConfiguration;
			buildSettings = {
				GCC_PREPROCESSOR_DEFINITIONS = (
					"DEBUG=1",
					"$(inherited)",
				);
				INFOPLIST_FILE = "helloAppleWatch WatchKit Extension/Info.plist";
				LD_RUNPATH_SEARCH_PATHS = "$(inherited) @executable_path/Frameworks @executable_path/../../Frameworks";
				PRODUCT_NAME = "${TARGET_NAME}";
				SKIP_INSTALL = YES;
			};
			name = Debug;
		};
		7B2CC4F71AD02AFE00FF8926 /* Release */ = {
			isa = XCBuildConfiguration;
			buildSettings = {
				INFOPLIST_FILE = "helloAppleWatch WatchKit Extension/Info.plist";
				LD_RUNPATH_SEARCH_PATHS = "$(inherited) @executable_path/Frameworks @executable_path/../../Frameworks";
				PRODUCT_NAME = "${TARGET_NAME}";
				SKIP_INSTALL = YES;
			};
			name = Release;
		};
/* End XCBuildConfiguration section */

/* Begin XCConfigurationList section */
		7B2CC49F1AD025EA00FF8926 /* Build configuration list for PBXProject "helloAppleWatch" */ = {
			isa = XCConfigurationList;
			buildConfigurations = (
				7B2CC4C51AD025EA00FF8926 /* Debug */,
				7B2CC4C61AD025EA00FF8926 /* Release */,
			);
			defaultConfigurationIsVisible = 0;
			defaultConfigurationName = Release;
		};
		7B2CC4C71AD025EA00FF8926 /* Build configuration list for PBXNativeTarget "helloAppleWatch" */ = {
			isa = XCConfigurationList;
			buildConfigurations = (
				7B2CC4C81AD025EA00FF8926 /* Debug */,
				7B2CC4C91AD025EA00FF8926 /* Release */,
			);
			defaultConfigurationIsVisible = 0;
			defaultConfigurationName = Release;
		};
		7B2CC4CA1AD025EA00FF8926 /* Build configuration list for PBXNativeTarget "helloAppleWatchTests" */ = {
			isa = XCConfigurationList;
			buildConfigurations = (
				7B2CC4CB1AD025EA00FF8926 /* Debug */,
				7B2CC4CC1AD025EA00FF8926 /* Release */,
			);
			defaultConfigurationIsVisible = 0;
			defaultConfigurationName = Release;
		};
		7B2CC4F21AD02AFE00FF8926 /* Build configuration list for PBXNativeTarget "helloAppleWatch WatchKit App" */ = {
			isa = XCConfigurationList;
			buildConfigurations = (
				7B2CC4F31AD02AFE00FF8926 /* Debug */,
				7B2CC4F41AD02AFE00FF8926 /* Release */,
			);
			defaultConfigurationIsVisible = 0;
			defaultConfigurationName = Release;
		};
		7B2CC4F51AD02AFE00FF8926 /* Build configuration list for PBXNativeTarget "helloAppleWatch WatchKit Extension" */ = {
			isa = XCConfigurationList;
			buildConfigurations = (
				7B2CC4F61AD02AFE00FF8926 /* Debug */,
				7B2CC4F71AD02AFE00FF8926 /* Release */,
			);
			defaultConfigurationIsVisible = 0;
			defaultConfigurationName = Release;
		};
/* End XCConfigurationList section */
	};
	rootObject = 7B2CC49C1AD025EA00FF8926 /* Project object */;
}
